
Microsoft Visual Studio Solution File, Format Version 12.00
# Visual Studio Version 17
VisualStudioVersion = 17.0.32112.339
MinimumVisualStudioVersion = 10.0.40219.1
Project("{9A19103F-16F7-4668-BE54-9A1E7A4F7556}") = "Inpitsu.Data", "Inpitsu.Data\Inpitsu.Data.csproj", "{17D12993-B5C1-470F-8467-9EF6875DF05C}"
EndProject
Project("{9A19103F-16F7-4668-BE54-9A1E7A4F7556}") = "Inpitsu.Servises", "Inpitsu.Servises\Inpitsu.Servises.csproj", "{A0348C5F-1325-4914-B820-D6D1E6109BE7}"
EndProject
Project("{9A19103F-16F7-4668-BE54-9A1E7A4F7556}") = "Inpitsu.Repositories", "Inpitsu.Repositories\Inpitsu.Repositories.csproj", "{C443E306-84B8-467B-BF20-E1F9B1DAE630}"
EndProject
Project("{9A19103F-16F7-4668-BE54-9A1E7A4F7556}") = "Inpitsu.Web", "Inpitsu.Web\Inpitsu.Web.csproj", "{5D92F4C1-BE7A-4FB9-A1B8-B9D84284D2C5}"
EndProject
Project("{9A19103F-16F7-4668-BE54-9A1E7A4F7556}") = "Inpitsu.Filters", "Inpitsu.Filters\Inpitsu.Filters.csproj", "{B0872E93-4D3E-423F-8D15-D0957191CFBB}"
EndProject
Project("{9A19103F-16F7-4668-BE54-9A1E7A4F7556}") = "Inpitsu.Logger", "Inpitsu.Logger\Inpitsu.Logger.csproj", "{4EA383CF-A244-4619-8B79-6F4B5C86A5B3}"
EndProject
Global
	GlobalSection(SolutionConfigurationPlatforms) = preSolution
		Debug|Any CPU = Debug|Any CPU
		Debug|arm64 = Debug|arm64
		Debug|iPhone = Debug|iPhone
		Debug|iPhoneSimulator = Debug|iPhoneSimulator
		Debug|x64 = Debug|x64
		Debug|x86 = Debug|x86
		Release|Any CPU = Release|Any CPU
		Release|arm64 = Release|arm64
		Release|iPhone = Release|iPhone
		Release|iPhoneSimulator = Release|iPhoneSimulator
		Release|x64 = Release|x64
		Release|x86 = Release|x86
	EndGlobalSection
	GlobalSection(ProjectConfigurationPlatforms) = postSolution
		{17D12993-B5C1-470F-8467-9EF6875DF05C}.Debug|Any CPU.ActiveCfg = Debug|Any CPU
		{17D12993-B5C1-470F-8467-9EF6875DF05C}.Debug|Any CPU.Build.0 = Debug|Any CPU
		{17D12993-B5C1-470F-8467-9EF6875DF05C}.Debug|arm64.ActiveCfg = Debug|Any CPU
		{17D12993-B5C1-470F-8467-9EF6875DF05C}.Debug|arm64.Build.0 = Debug|Any CPU
		{17D12993-B5C1-470F-8467-9EF6875DF05C}.Debug|iPhone.ActiveCfg = Debug|Any CPU
		{17D12993-B5C1-470F-8467-9EF6875DF05C}.Debug|iPhone.Build.0 = Debug|Any CPU
		{17D12993-B5C1-470F-8467-9EF6875DF05C}.Debug|iPhoneSimulator.ActiveCfg = Debug|Any CPU
		{17D12993-B5C1-470F-8467-9EF6875DF05C}.Debug|iPhoneSimulator.Build.0 = Debug|Any CPU
		{17D12993-B5C1-470F-8467-9EF6875DF05C}.Debug|x64.ActiveCfg = Debug|Any CPU
		{17D12993-B5C1-470F-8467-9EF6875DF05C}.Debug|x64.Build.0 = Debug|Any CPU
		{17D12993-B5C1-470F-8467-9EF6875DF05C}.Debug|x86.ActiveCfg = Debug|Any CPU
		{17D12993-B5C1-470F-8467-9EF6875DF05C}.Debug|x86.Build.0 = Debug|Any CPU
		{17D12993-B5C1-470F-8467-9EF6875DF05C}.Release|Any CPU.ActiveCfg = Release|Any CPU
		{17D12993-B5C1-470F-8467-9EF6875DF05C}.Release|Any CPU.Build.0 = Release|Any CPU
		{17D12993-B5C1-470F-8467-9EF6875DF05C}.Release|arm64.ActiveCfg = Release|Any CPU
		{17D12993-B5C1-470F-8467-9EF6875DF05C}.Release|arm64.Build.0 = Release|Any CPU
		{17D12993-B5C1-470F-8467-9EF6875DF05C}.Release|iPhone.ActiveCfg = Release|Any CPU
		{17D12993-B5C1-470F-8467-9EF6875DF05C}.Release|iPhone.Build.0 = Release|Any CPU
		{17D12993-B5C1-470F-8467-9EF6875DF05C}.Release|iPhoneSimulator.ActiveCfg = Release|Any CPU
		{17D12993-B5C1-470F-8467-9EF6875DF05C}.Release|iPhoneSimulator.Build.0 = Release|Any CPU
		{17D12993-B5C1-470F-8467-9EF6875DF05C}.Release|x64.ActiveCfg = Release|Any CPU
		{17D12993-B5C1-470F-8467-9EF6875DF05C}.Release|x64.Build.0 = Release|Any CPU
		{17D12993-B5C1-470F-8467-9EF6875DF05C}.Release|x86.ActiveCfg = Release|Any CPU
		{17D12993-B5C1-470F-8467-9EF6875DF05C}.Release|x86.Build.0 = Release|Any CPU
		{A0348C5F-1325-4914-B820-D6D1E6109BE7}.Debug|Any CPU.ActiveCfg = Debug|Any CPU
		{A0348C5F-1325-4914-B820-D6D1E6109BE7}.Debug|Any CPU.Build.0 = Debug|Any CPU
		{A0348C5F-1325-4914-B820-D6D1E6109BE7}.Debug|arm64.ActiveCfg = Debug|Any CPU
		{A0348C5F-1325-4914-B820-D6D1E6109BE7}.Debug|arm64.Build.0 = Debug|Any CPU
		{A0348C5F-1325-4914-B820-D6D1E6109BE7}.Debug|iPhone.ActiveCfg = Debug|Any CPU
		{A0348C5F-1325-4914-B820-D6D1E6109BE7}.Debug|iPhone.Build.0 = Debug|Any CPU
		{A0348C5F-1325-4914-B820-D6D1E6109BE7}.Debug|iPhoneSimulator.ActiveCfg = Debug|Any CPU
		{A0348C5F-1325-4914-B820-D6D1E6109BE7}.Debug|iPhoneSimulator.Build.0 = Debug|Any CPU
		{A0348C5F-1325-4914-B820-D6D1E6109BE7}.Debug|x64.ActiveCfg = Debug|Any CPU
		{A0348C5F-1325-4914-B820-D6D1E6109BE7}.Debug|x64.Build.0 = Debug|Any CPU
		{A0348C5F-1325-4914-B820-D6D1E6109BE7}.Debug|x86.ActiveCfg = Debug|Any CPU
		{A0348C5F-1325-4914-B820-D6D1E6109BE7}.Debug|x86.Build.0 = Debug|Any CPU
		{A0348C5F-1325-4914-B820-D6D1E6109BE7}.Release|Any CPU.ActiveCfg = Release|Any CPU
		{A0348C5F-1325-4914-B820-D6D1E6109BE7}.Release|Any CPU.Build.0 = Release|Any CPU
		{A0348C5F-1325-4914-B820-D6D1E6109BE7}.Release|arm64.ActiveCfg = Release|Any CPU
		{A0348C5F-1325-4914-B820-D6D1E6109BE7}.Release|arm64.Build.0 = Release|Any CPU
		{A0348C5F-1325-4914-B820-D6D1E6109BE7}.Release|iPhone.ActiveCfg = Release|Any CPU
		{A0348C5F-1325-4914-B820-D6D1E6109BE7}.Release|iPhone.Build.0 = Release|Any CPU
		{A0348C5F-1325-4914-B820-D6D1E6109BE7}.Release|iPhoneSimulator.ActiveCfg = Release|Any CPU
		{A0348C5F-1325-4914-B820-D6D1E6109BE7}.Release|iPhoneSimulator.Build.0 = Release|Any CPU
		{A0348C5F-1325-4914-B820-D6D1E6109BE7}.Release|x64.ActiveCfg = Release|Any CPU
		{A0348C5F-1325-4914-B820-D6D1E6109BE7}.Release|x64.Build.0 = Release|Any CPU
		{A0348C5F-1325-4914-B820-D6D1E6109BE7}.Release|x86.ActiveCfg = Release|Any CPU
		{A0348C5F-1325-4914-B820-D6D1E6109BE7}.Release|x86.Build.0 = Release|Any CPU
		{C443E306-84B8-467B-BF20-E1F9B1DAE630}.Debug|Any CPU.ActiveCfg = Debug|Any CPU
		{C443E306-84B8-467B-BF20-E1F9B1DAE630}.Debug|Any CPU.Build.0 = Debug|Any CPU
		{C443E306-84B8-467B-BF20-E1F9B1DAE630}.Debug|arm64.ActiveCfg = Debug|Any CPU
		{C443E306-84B8-467B-BF20-E1F9B1DAE630}.Debug|arm64.Build.0 = Debug|Any CPU
		{C443E306-84B8-467B-BF20-E1F9B1DAE630}.Debug|iPhone.ActiveCfg = Debug|Any CPU
		{C443E306-84B8-467B-BF20-E1F9B1DAE630}.Debug|iPhone.Build.0 = Debug|Any CPU
		{C443E306-84B8-467B-BF20-E1F9B1DAE630}.Debug|iPhoneSimulator.ActiveCfg = Debug|Any CPU
		{C443E306-84B8-467B-BF20-E1F9B1DAE630}.Debug|iPhoneSimulator.Build.0 = Debug|Any CPU
		{C443E306-84B8-467B-BF20-E1F9B1DAE630}.Debug|x64.ActiveCfg = Debug|Any CPU
		{C443E306-84B8-467B-BF20-E1F9B1DAE630}.Debug|x64.Build.0 = Debug|Any CPU
		{C443E306-84B8-467B-BF20-E1F9B1DAE630}.Debug|x86.ActiveCfg = Debug|Any CPU
		{C443E306-84B8-467B-BF20-E1F9B1DAE630}.Debug|x86.Build.0 = Debug|Any CPU
		{C443E306-84B8-467B-BF20-E1F9B1DAE630}.Release|Any CPU.ActiveCfg = Release|Any CPU
		{C443E306-84B8-467B-BF20-E1F9B1DAE630}.Release|Any CPU.Build.0 = Release|Any CPU
		{C443E306-84B8-467B-BF20-E1F9B1DAE630}.Release|arm64.ActiveCfg = Release|Any CPU
		{C443E306-84B8-467B-BF20-E1F9B1DAE630}.Release|arm64.Build.0 = Release|Any CPU
		{C443E306-84B8-467B-BF20-E1F9B1DAE630}.Release|iPhone.ActiveCfg = Release|Any CPU
		{C443E306-84B8-467B-BF20-E1F9B1DAE630}.Release|iPhone.Build.0 = Release|Any CPU
		{C443E306-84B8-467B-BF20-E1F9B1DAE630}.Release|iPhoneSimulator.ActiveCfg = Release|Any CPU
		{C443E306-84B8-467B-BF20-E1F9B1DAE630}.Release|iPhoneSimulator.Build.0 = Release|Any CPU
		{C443E306-84B8-467B-BF20-E1F9B1DAE630}.Release|x64.ActiveCfg = Release|Any CPU
		{C443E306-84B8-467B-BF20-E1F9B1DAE630}.Release|x64.Build.0 = Release|Any CPU
		{C443E306-84B8-467B-BF20-E1F9B1DAE630}.Release|x86.ActiveCfg = Release|Any CPU
		{C443E306-84B8-467B-BF20-E1F9B1DAE630}.Release|x86.Build.0 = Release|Any CPU
		{5D92F4C1-BE7A-4FB9-A1B8-B9D84284D2C5}.Debug|Any CPU.ActiveCfg = Debug|Any CPU
		{5D92F4C1-BE7A-4FB9-A1B8-B9D84284D2C5}.Debug|Any CPU.Build.0 = Debug|Any CPU
		{5D92F4C1-BE7A-4FB9-A1B8-B9D84284D2C5}.Debug|arm64.ActiveCfg = Debug|Any CPU
		{5D92F4C1-BE7A-4FB9-A1B8-B9D84284D2C5}.Debug|arm64.Build.0 = Debug|Any CPU
		{5D92F4C1-BE7A-4FB9-A1B8-B9D84284D2C5}.Debug|iPhone.ActiveCfg = Debug|Any CPU
		{5D92F4C1-BE7A-4FB9-A1B8-B9D84284D2C5}.Debug|iPhone.Build.0 = Debug|Any CPU
		{5D92F4C1-BE7A-4FB9-A1B8-B9D84284D2C5}.Debug|iPhoneSimulator.ActiveCfg = Debug|Any CPU
		{5D92F4C1-BE7A-4FB9-A1B8-B9D84284D2C5}.Debug|iPhoneSimulator.Build.0 = Debug|Any CPU
		{5D92F4C1-BE7A-4FB9-A1B8-B9D84284D2C5}.Debug|x64.ActiveCfg = Debug|Any CPU
		{5D92F4C1-BE7A-4FB9-A1B8-B9D84284D2C5}.Debug|x64.Build.0 = Debug|Any CPU
		{5D92F4C1-BE7A-4FB9-A1B8-B9D84284D2C5}.Debug|x86.ActiveCfg = Debug|Any CPU
		{5D92F4C1-BE7A-4FB9-A1B8-B9D84284D2C5}.Debug|x86.Build.0 = Debug|Any CPU
		{5D92F4C1-BE7A-4FB9-A1B8-B9D84284D2C5}.Release|Any CPU.ActiveCfg = Release|Any CPU
		{5D92F4C1-BE7A-4FB9-A1B8-B9D84284D2C5}.Release|Any CPU.Build.0 = Release|Any CPU
		{5D92F4C1-BE7A-4FB9-A1B8-B9D84284D2C5}.Release|arm64.ActiveCfg = Release|Any CPU
		{5D92F4C1-BE7A-4FB9-A1B8-B9D84284D2C5}.Release|arm64.Build.0 = Release|Any CPU
		{5D92F4C1-BE7A-4FB9-A1B8-B9D84284D2C5}.Release|iPhone.ActiveCfg = Release|Any CPU
		{5D92F4C1-BE7A-4FB9-A1B8-B9D84284D2C5}.Release|iPhone.Build.0 = Release|Any CPU
		{5D92F4C1-BE7A-4FB9-A1B8-B9D84284D2C5}.Release|iPhoneSimulator.ActiveCfg = Release|Any CPU
		{5D92F4C1-BE7A-4FB9-A1B8-B9D84284D2C5}.Release|iPhoneSimulator.Build.0 = Release|Any CPU
		{5D92F4C1-BE7A-4FB9-A1B8-B9D84284D2C5}.Release|x64.ActiveCfg = Release|Any CPU
		{5D92F4C1-BE7A-4FB9-A1B8-B9D84284D2C5}.Release|x64.Build.0 = Release|Any CPU
		{5D92F4C1-BE7A-4FB9-A1B8-B9D84284D2C5}.Release|x86.ActiveCfg = Release|Any CPU
		{5D92F4C1-BE7A-4FB9-A1B8-B9D84284D2C5}.Release|x86.Build.0 = Release|Any CPU
		{B0872E93-4D3E-423F-8D15-D0957191CFBB}.Debug|Any CPU.ActiveCfg = Debug|Any CPU
		{B0872E93-4D3E-423F-8D15-D0957191CFBB}.Debug|Any CPU.Build.0 = Debug|Any CPU
		{B0872E93-4D3E-423F-8D15-D0957191CFBB}.Debug|arm64.ActiveCfg = Debug|Any CPU
		{B0872E93-4D3E-423F-8D15-D0957191CFBB}.Debug|arm64.Build.0 = Debug|Any CPU
		{B0872E93-4D3E-423F-8D15-D0957191CFBB}.Debug|iPhone.ActiveCfg = Debug|Any CPU
		{B0872E93-4D3E-423F-8D15-D0957191CFBB}.Debug|iPhone.Build.0 = Debug|Any CPU
		{B0872E93-4D3E-423F-8D15-D0957191CFBB}.Debug|iPhoneSimulator.ActiveCfg = Debug|Any CPU
		{B0872E93-4D3E-423F-8D15-D0957191CFBB}.Debug|iPhoneSimulator.Build.0 = Debug|Any CPU
		{B0872E93-4D3E-423F-8D15-D0957191CFBB}.Debug|x64.ActiveCfg = Debug|Any CPU
		{B0872E93-4D3E-423F-8D15-D0957191CFBB}.Debug|x64.Build.0 = Debug|Any CPU
		{B0872E93-4D3E-423F-8D15-D0957191CFBB}.Debug|x86.ActiveCfg = Debug|Any CPU
		{B0872E93-4D3E-423F-8D15-D0957191CFBB}.Debug|x86.Build.0 = Debug|Any CPU
		{B0872E93-4D3E-423F-8D15-D0957191CFBB}.Release|Any CPU.ActiveCfg = Release|Any CPU
		{B0872E93-4D3E-423F-8D15-D0957191CFBB}.Release|Any CPU.Build.0 = Release|Any CPU
		{B0872E93-4D3E-423F-8D15-D0957191CFBB}.Release|arm64.ActiveCfg = Release|Any CPU
		{B0872E93-4D3E-423F-8D15-D0957191CFBB}.Release|arm64.Build.0 = Release|Any CPU
		{B0872E93-4D3E-423F-8D15-D0957191CFBB}.Release|iPhone.ActiveCfg = Release|Any CPU
		{B0872E93-4D3E-423F-8D15-D0957191CFBB}.Release|iPhone.Build.0 = Release|Any CPU
		{B0872E93-4D3E-423F-8D15-D0957191CFBB}.Release|iPhoneSimulator.ActiveCfg = Release|Any CPU
		{B0872E93-4D3E-423F-8D15-D0957191CFBB}.Release|iPhoneSimulator.Build.0 = Release|Any CPU
		{B0872E93-4D3E-423F-8D15-D0957191CFBB}.Release|x64.ActiveCfg = Release|Any CPU
		{B0872E93-4D3E-423F-8D15-D0957191CFBB}.Release|x64.Build.0 = Release|Any CPU
		{B0872E93-4D3E-423F-8D15-D0957191CFBB}.Release|x86.ActiveCfg = Release|Any CPU
		{B0872E93-4D3E-423F-8D15-D0957191CFBB}.Release|x86.Build.0 = Release|Any CPU
		{4EA383CF-A244-4619-8B79-6F4B5C86A5B3}.Debug|Any CPU.ActiveCfg = Debug|Any CPU
		{4EA383CF-A244-4619-8B79-6F4B5C86A5B3}.Debug|Any CPU.Build.0 = Debug|Any CPU
		{4EA383CF-A244-4619-8B79-6F4B5C86A5B3}.Debug|arm64.ActiveCfg = Debug|Any CPU
		{4EA383CF-A244-4619-8B79-6F4B5C86A5B3}.Debug|arm64.Build.0 = Debug|Any CPU
		{4EA383CF-A244-4619-8B79-6F4B5C86A5B3}.Debug|iPhone.ActiveCfg = Debug|Any CPU
		{4EA383CF-A244-4619-8B79-6F4B5C86A5B3}.Debug|iPhone.Build.0 = Debug|Any CPU
		{4EA383CF-A244-4619-8B79-6F4B5C86A5B3}.Debug|iPhoneSimulator.ActiveCfg = Debug|Any CPU
		{4EA383CF-A244-4619-8B79-6F4B5C86A5B3}.Debug|iPhoneSimulator.Build.0 = Debug|Any CPU
		{4EA383CF-A244-4619-8B79-6F4B5C86A5B3}.Debug|x64.ActiveCfg = Debug|Any CPU
		{4EA383CF-A244-4619-8B79-6F4B5C86A5B3}.Debug|x64.Build.0 = Debug|Any CPU
		{4EA383CF-A244-4619-8B79-6F4B5C86A5B3}.Debug|x86.ActiveCfg = Debug|Any CPU
		{4EA383CF-A244-4619-8B79-6F4B5C86A5B3}.Debug|x86.Build.0 = Debug|Any CPU
		{4EA383CF-A244-4619-8B79-6F4B5C86A5B3}.Release|Any CPU.ActiveCfg = Release|Any CPU
		{4EA383CF-A244-4619-8B79-6F4B5C86A5B3}.Release|Any CPU.Build.0 = Release|Any CPU
		{4EA383CF-A244-4619-8B79-6F4B5C86A5B3}.Release|arm64.ActiveCfg = Release|Any CPU
		{4EA383CF-A244-4619-8B79-6F4B5C86A5B3}.Release|arm64.Build.0 = Release|Any CPU
		{4EA383CF-A244-4619-8B79-6F4B5C86A5B3}.Release|iPhone.ActiveCfg = Release|Any CPU
		{4EA383CF-A244-4619-8B79-6F4B5C86A5B3}.Release|iPhone.Build.0 = Release|Any CPU
		{4EA383CF-A244-4619-8B79-6F4B5C86A5B3}.Release|iPhoneSimulator.ActiveCfg = Release|Any CPU
		{4EA383CF-A244-4619-8B79-6F4B5C86A5B3}.Release|iPhoneSimulator.Build.0 = Release|Any CPU
		{4EA383CF-A244-4619-8B79-6F4B5C86A5B3}.Release|x64.ActiveCfg = Release|Any CPU
		{4EA383CF-A244-4619-8B79-6F4B5C86A5B3}.Release|x64.Build.0 = Release|Any CPU
		{4EA383CF-A244-4619-8B79-6F4B5C86A5B3}.Release|x86.ActiveCfg = Release|Any CPU
		{4EA383CF-A244-4619-8B79-6F4B5C86A5B3}.Release|x86.Build.0 = Release|Any CPU
	EndGlobalSection
	GlobalSection(SolutionProperties) = preSolution
		HideSolutionNode = FALSE
	EndGlobalSection
	GlobalSection(ExtensibilityGlobals) = postSolution
		SolutionGuid = {660A8902-AF7F-4011-ABE8-D04B3B46C4BE}
	EndGlobalSection
EndGlobal
